
Microsoft Visual Studio Solution File, Format Version 12.00
# Visual Studio 2012
Project("{FAE04EC0-301F-11D3-BF4B-00C04F79EFBC}") = "01SampleLogo", "01SampleLogo\01SampleLogo.csproj", "{413E174B-D5C0-4CA0-A927-6F31223FFDE4}"
EndProject
Project("{FAE04EC0-301F-11D3-BF4B-00C04F79EFBC}") = "02Gallery", "02Gallery\02Gallery.csproj", "{9E4A17EF-51E4-492F-8487-37BCF3ED8BD0}"
EndProject
Global
	GlobalSection(SolutionConfigurationPlatforms) = preSolution
		Debug|Any CPU = Debug|Any CPU
		Release|Any CPU = Release|Any CPU
	EndGlobalSection
	GlobalSection(ProjectConfigurationPlatforms) = postSolution
		{413E174B-D5C0-4CA0-A927-6F31223FFDE4}.Debug|Any CPU.ActiveCfg = Debug|Any CPU
		{413E174B-D5C0-4CA0-A927-6F31223FFDE4}.Debug|Any CPU.Build.0 = Debug|Any CPU
		{413E174B-D5C0-4CA0-A927-6F31223FFDE4}.Release|Any CPU.ActiveCfg = Release|Any CPU
		{413E174B-D5C0-4CA0-A927-6F31223FFDE4}.Release|Any CPU.Build.0 = Release|Any CPU
		{9E4A17EF-51E4-492F-8487-37BCF3ED8BD0}.Debug|Any CPU.ActiveCfg = Debug|Any CPU
		{9E4A17EF-51E4-492F-8487-37BCF3ED8BD0}.Debug|Any CPU.Build.0 = Debug|Any CPU
		{9E4A17EF-51E4-492F-8487-37BCF3ED8BD0}.Release|Any CPU.ActiveCfg = Release|Any CPU
		{9E4A17EF-51E4-492F-8487-37BCF3ED8BD0}.Release|Any CPU.Build.0 = Release|Any CPU
	EndGlobalSection
	GlobalSection(SolutionProperties) = preSolution
		HideSolutionNode = FALSE
	EndGlobalSection
EndGlobal
