
Microsoft Visual Studio Solution File, Format Version 11.00
# Visual Studio 2010
Project("{FAE04EC0-301F-11D3-BF4B-00C04F79EFBC}") = "01PrintOddLines", "01PrintOddLines\01PrintOddLines.csproj", "{2E2F8DF2-4BC4-4F63-BB63-CA122365D823}"
EndProject
Project("{FAE04EC0-301F-11D3-BF4B-00C04F79EFBC}") = "02ConcatTwoTextFiles", "02ConcatTwoTextFiles\02ConcatTwoTextFiles.csproj", "{8B6683CF-9544-48A6-8F23-CEC0CE5A6FF7}"
EndProject
Project("{FAE04EC0-301F-11D3-BF4B-00C04F79EFBC}") = "03LineNumbers", "03LineNumbers\03LineNumbers.csproj", "{A6EA15F2-F5E5-4C47-A452-5A9F64EEE296}"
EndProject
Project("{FAE04EC0-301F-11D3-BF4B-00C04F79EFBC}") = "04CompareTwoTextFiles", "04CompareTwoTextFiles\04CompareTwoTextFiles.csproj", "{D1E3CD6E-7556-45B3-A8E7-077CAF64567E}"
EndProject
Project("{FAE04EC0-301F-11D3-BF4B-00C04F79EFBC}") = "05SquareMatrix", "05SquareMatrix\05SquareMatrix.csproj", "{DFA88AB3-2D16-4675-8907-5AA092AF73EA}"
EndProject
Project("{FAE04EC0-301F-11D3-BF4B-00C04F79EFBC}") = "06SortsListOfStrings", "06SortsListOfStrings\06SortsListOfStrings.csproj", "{9C5D888C-BDB5-408F-96B3-A00460E6ABE5}"
EndProject
Project("{FAE04EC0-301F-11D3-BF4B-00C04F79EFBC}") = "07ReplaceStartWithFinish", "07ReplaceStartWithFinish\07ReplaceStartWithFinish.csproj", "{6C92C104-0AF9-42DC-9483-D7F51A9AD562}"
EndProject
Project("{FAE04EC0-301F-11D3-BF4B-00C04F79EFBC}") = "08ReplaceOnlyWholeWords", "08ReplaceOnlyWholeWords\08ReplaceOnlyWholeWords.csproj", "{CDB901BA-8230-4979-A3BB-4A87C386DAA0}"
EndProject
Project("{FAE04EC0-301F-11D3-BF4B-00C04F79EFBC}") = "09DeleteOddLines", "09DeleteOddLines\09DeleteOddLines.csproj", "{FE3F2AF1-CC05-4BF0-BD6B-6153D53C3D9E}"
EndProject
Project("{FAE04EC0-301F-11D3-BF4B-00C04F79EFBC}") = "10ExtractsTextFromXML", "10ExtractsTextFromXML\10ExtractsTextFromXML.csproj", "{9D3CD6EE-9465-49D4-8663-78B3CC6533C1}"
EndProject
Project("{FAE04EC0-301F-11D3-BF4B-00C04F79EFBC}") = "11DeleteWordsFromText", "11DeleteWordsFromText\11DeleteWordsFromText.csproj", "{C3C7B8C0-2B44-4729-9A61-2AF53E9CA1C8}"
EndProject
Project("{FAE04EC0-301F-11D3-BF4B-00C04F79EFBC}") = "12RemoveWordsFromFile", "12RemoveWordsFromFile\12RemoveWordsFromFile.csproj", "{FC39125F-975D-4263-A07A-CC5D1FE90BCE}"
EndProject
Project("{FAE04EC0-301F-11D3-BF4B-00C04F79EFBC}") = "13CountOfWordsInText", "13CountOfWordsInText\13CountOfWordsInText.csproj", "{E60809A6-8CFC-46BB-A9E6-11C3C9E6EBD7}"
EndProject
Global
	GlobalSection(SolutionConfigurationPlatforms) = preSolution
		Debug|x86 = Debug|x86
		Release|x86 = Release|x86
	EndGlobalSection
	GlobalSection(ProjectConfigurationPlatforms) = postSolution
		{2E2F8DF2-4BC4-4F63-BB63-CA122365D823}.Debug|x86.ActiveCfg = Debug|x86
		{2E2F8DF2-4BC4-4F63-BB63-CA122365D823}.Debug|x86.Build.0 = Debug|x86
		{2E2F8DF2-4BC4-4F63-BB63-CA122365D823}.Release|x86.ActiveCfg = Release|x86
		{2E2F8DF2-4BC4-4F63-BB63-CA122365D823}.Release|x86.Build.0 = Release|x86
		{8B6683CF-9544-48A6-8F23-CEC0CE5A6FF7}.Debug|x86.ActiveCfg = Debug|x86
		{8B6683CF-9544-48A6-8F23-CEC0CE5A6FF7}.Debug|x86.Build.0 = Debug|x86
		{8B6683CF-9544-48A6-8F23-CEC0CE5A6FF7}.Release|x86.ActiveCfg = Release|x86
		{8B6683CF-9544-48A6-8F23-CEC0CE5A6FF7}.Release|x86.Build.0 = Release|x86
		{A6EA15F2-F5E5-4C47-A452-5A9F64EEE296}.Debug|x86.ActiveCfg = Debug|x86
		{A6EA15F2-F5E5-4C47-A452-5A9F64EEE296}.Debug|x86.Build.0 = Debug|x86
		{A6EA15F2-F5E5-4C47-A452-5A9F64EEE296}.Release|x86.ActiveCfg = Release|x86
		{A6EA15F2-F5E5-4C47-A452-5A9F64EEE296}.Release|x86.Build.0 = Release|x86
		{D1E3CD6E-7556-45B3-A8E7-077CAF64567E}.Debug|x86.ActiveCfg = Debug|x86
		{D1E3CD6E-7556-45B3-A8E7-077CAF64567E}.Debug|x86.Build.0 = Debug|x86
		{D1E3CD6E-7556-45B3-A8E7-077CAF64567E}.Release|x86.ActiveCfg = Release|x86
		{D1E3CD6E-7556-45B3-A8E7-077CAF64567E}.Release|x86.Build.0 = Release|x86
		{DFA88AB3-2D16-4675-8907-5AA092AF73EA}.Debug|x86.ActiveCfg = Debug|x86
		{DFA88AB3-2D16-4675-8907-5AA092AF73EA}.Debug|x86.Build.0 = Debug|x86
		{DFA88AB3-2D16-4675-8907-5AA092AF73EA}.Release|x86.ActiveCfg = Release|x86
		{DFA88AB3-2D16-4675-8907-5AA092AF73EA}.Release|x86.Build.0 = Release|x86
		{9C5D888C-BDB5-408F-96B3-A00460E6ABE5}.Debug|x86.ActiveCfg = Debug|x86
		{9C5D888C-BDB5-408F-96B3-A00460E6ABE5}.Debug|x86.Build.0 = Debug|x86
		{9C5D888C-BDB5-408F-96B3-A00460E6ABE5}.Release|x86.ActiveCfg = Release|x86
		{9C5D888C-BDB5-408F-96B3-A00460E6ABE5}.Release|x86.Build.0 = Release|x86
		{6C92C104-0AF9-42DC-9483-D7F51A9AD562}.Debug|x86.ActiveCfg = Debug|x86
		{6C92C104-0AF9-42DC-9483-D7F51A9AD562}.Debug|x86.Build.0 = Debug|x86
		{6C92C104-0AF9-42DC-9483-D7F51A9AD562}.Release|x86.ActiveCfg = Release|x86
		{6C92C104-0AF9-42DC-9483-D7F51A9AD562}.Release|x86.Build.0 = Release|x86
		{CDB901BA-8230-4979-A3BB-4A87C386DAA0}.Debug|x86.ActiveCfg = Debug|x86
		{CDB901BA-8230-4979-A3BB-4A87C386DAA0}.Debug|x86.Build.0 = Debug|x86
		{CDB901BA-8230-4979-A3BB-4A87C386DAA0}.Release|x86.ActiveCfg = Release|x86
		{CDB901BA-8230-4979-A3BB-4A87C386DAA0}.Release|x86.Build.0 = Release|x86
		{FE3F2AF1-CC05-4BF0-BD6B-6153D53C3D9E}.Debug|x86.ActiveCfg = Debug|x86
		{FE3F2AF1-CC05-4BF0-BD6B-6153D53C3D9E}.Debug|x86.Build.0 = Debug|x86
		{FE3F2AF1-CC05-4BF0-BD6B-6153D53C3D9E}.Release|x86.ActiveCfg = Release|x86
		{FE3F2AF1-CC05-4BF0-BD6B-6153D53C3D9E}.Release|x86.Build.0 = Release|x86
		{9D3CD6EE-9465-49D4-8663-78B3CC6533C1}.Debug|x86.ActiveCfg = Debug|x86
		{9D3CD6EE-9465-49D4-8663-78B3CC6533C1}.Debug|x86.Build.0 = Debug|x86
		{9D3CD6EE-9465-49D4-8663-78B3CC6533C1}.Release|x86.ActiveCfg = Release|x86
		{9D3CD6EE-9465-49D4-8663-78B3CC6533C1}.Release|x86.Build.0 = Release|x86
		{C3C7B8C0-2B44-4729-9A61-2AF53E9CA1C8}.Debug|x86.ActiveCfg = Debug|x86
		{C3C7B8C0-2B44-4729-9A61-2AF53E9CA1C8}.Debug|x86.Build.0 = Debug|x86
		{C3C7B8C0-2B44-4729-9A61-2AF53E9CA1C8}.Release|x86.ActiveCfg = Release|x86
		{C3C7B8C0-2B44-4729-9A61-2AF53E9CA1C8}.Release|x86.Build.0 = Release|x86
		{FC39125F-975D-4263-A07A-CC5D1FE90BCE}.Debug|x86.ActiveCfg = Debug|x86
		{FC39125F-975D-4263-A07A-CC5D1FE90BCE}.Debug|x86.Build.0 = Debug|x86
		{FC39125F-975D-4263-A07A-CC5D1FE90BCE}.Release|x86.ActiveCfg = Release|x86
		{FC39125F-975D-4263-A07A-CC5D1FE90BCE}.Release|x86.Build.0 = Release|x86
		{E60809A6-8CFC-46BB-A9E6-11C3C9E6EBD7}.Debug|x86.ActiveCfg = Debug|x86
		{E60809A6-8CFC-46BB-A9E6-11C3C9E6EBD7}.Debug|x86.Build.0 = Debug|x86
		{E60809A6-8CFC-46BB-A9E6-11C3C9E6EBD7}.Release|x86.ActiveCfg = Release|x86
		{E60809A6-8CFC-46BB-A9E6-11C3C9E6EBD7}.Release|x86.Build.0 = Release|x86
	EndGlobalSection
	GlobalSection(SolutionProperties) = preSolution
		HideSolutionNode = FALSE
	EndGlobalSection
EndGlobal
